{
  "nodes": {
    "nixpkgs": {
      "locked": {
        "lastModified": 1700851152,
        "narHash": "sha256-3PWITNJZyA3jz5IGREJRfSykM6xSLmD8u5A3WpBCyDM=",
        "rev": "1216a5ba22a93a4a3a3bfdb4bff0f4727c576fcc",
        "revCount": 492333,
        "type": "tarball",
        "url": "https://api.flakehub.com/f/pinned/NixOS/nixpkgs/0.2305.492333%2Brev-1216a5ba22a93a4a3a3bfdb4bff0f4727c576fcc/018c062f-228c-717f-a68e-3d68efbfa794/source.tar.gz"
      },
      "original": {
        "type": "tarball",
        "url": "https://flakehub.com/f/NixOS/nixpkgs/0.2305.tar.gz"
      }
    },
    "root": {
      "inputs": {
        "nixpkgs": "nixpkgs"
      }
    }
  },
  "root": "root",
  "version": 7
}
